// !$*UTF8*$!
{
	archiveVersion = 1;
	classes = {
	};
	objectVersion = 46;
	objects = {

/* Begin PBXBuildFile section */
		265209771E4B87D100F194EC /* AppDelegate.swift in Sources */ = {isa = PBXBuildFile; fileRef = 265209761E4B87D100F194EC /* AppDelegate.swift */; };
		265209791E4B87D100F194EC /* MasterViewController.swift in Sources */ = {isa = PBXBuildFile; fileRef = 265209781E4B87D100F194EC /* MasterViewController.swift */; };
		2652097B1E4B87D100F194EC /* DetailViewController.swift in Sources */ = {isa = PBXBuildFile; fileRef = 2652097A1E4B87D100F194EC /* DetailViewController.swift */; };
		2652097E1E4B87D100F194EC /* Main.storyboard in Resources */ = {isa = PBXBuildFile; fileRef = 2652097C1E4B87D100F194EC /* Main.storyboard */; };
		265209801E4B87D100F194EC /* Assets.xcassets in Resources */ = {isa = PBXBuildFile; fileRef = 2652097F1E4B87D100F194EC /* Assets.xcassets */; };
		265209831E4B87D100F194EC /* LaunchScreen.storyboard in Resources */ = {isa = PBXBuildFile; fileRef = 265209811E4B87D100F194EC /* LaunchScreen.storyboard */; };
		2652098B1E4B8A9C00F194EC /* College.swift in Sources */ = {isa = PBXBuildFile; fileRef = 2652098A1E4B8A9C00F194EC /* College.swift */; };
/* End PBXBuildFile section */

/* Begin PBXFileReference section */
		265209731E4B87D100F194EC /* College Profile Builder.app */ = {isa = PBXFileReference; explicitFileType = wrapper.application; includeInIndex = 0; path = "College Profile Builder.app"; sourceTree = BUILT_PRODUCTS_DIR; };
		265209761E4B87D100F194EC /* AppDelegate.swift */ = {isa = PBXFileReference; lastKnownFileType = sourcecode.swift; path = AppDelegate.swift; sourceTree = "<group>"; };
		265209781E4B87D100F194EC /* MasterViewController.swift */ = {isa = PBXFileReference; lastKnownFileType = sourcecode.swift; path = MasterViewController.swift; sourceTree = "<group>"; };
		2652097A1E4B87D100F194EC /* DetailViewController.swift */ = {isa = PBXFileReference; lastKnownFileType = sourcecode.swift; path = DetailViewController.swift; sourceTree = "<group>"; };
		2652097D1E4B87D100F194EC /* Base */ = {isa = PBXFileReference; lastKnownFileType = file.storyboard; name = Base; path = Base.lproj/Main.storyboard; sourceTree = "<group>"; };
		2652097F1E4B87D100F194EC /* Assets.xcassets */ = {isa = PBXFileReference; lastKnownFileType = folder.assetcatalog; path = Assets.xcassets; sourceTree = "<group>"; };
		265209821E4B87D100F194EC /* Base */ = {isa = PBXFileReference; lastKnownFileType = file.storyboard; name = Base; path = Base.lproj/LaunchScreen.storyboard; sourceTree = "<group>"; };
		265209841E4B87D100F194EC /* Info.plist */ = {isa = PBXFileReference; lastKnownFileType = text.plist.xml; path = Info.plist; sourceTree = "<group>"; };
		2652098A1E4B8A9C00F194EC /* College.swift */ = {isa = PBXFileReference; fileEncoding = 4; lastKnownFileType = sourcecode.swift; path = College.swift; sourceTree = "<group>"; };
/* End PBXFileReference section */

/* Begin PBXFrameworksBuildPhase section */
		265209701E4B87D100F194EC /* Frameworks */ = {
			isa = PBXFrameworksBuildPhase;
			buildActionMask = 2147483647;
			files = (
			);
			runOnlyForDeploymentPostprocessing = 0;
		};
/* End PBXFrameworksBuildPhase section */

/* Begin PBXGroup section */
		2652096A1E4B87D100F194EC = {
			isa = PBXGroup;
			children = (
				265209751E4B87D100F194EC /* College Profile Builder */,
				265209741E4B87D100F194EC /* Products */,
			);
			sourceTree = "<group>";
		};
		265209741E4B87D100F194EC /* Products */ = {
			isa = PBXGroup;
			children = (
				265209731E4B87D100F194EC /* College Profile Builder.app */,
			);
			name = Products;
			sourceTree = "<group>";
		};
		265209751E4B87D100F194EC /* College Profile Builder */ = {
			isa = PBXGroup;
			children = (
				265209761E4B87D100F194EC /* AppDelegate.swift */,
				265209781E4B87D100F194EC /* MasterViewController.swift */,
				2652097A1E4B87D100F194EC /* DetailViewController.swift */,
				2652097C1E4B87D100F194EC /* Main.storyboard */,
				2652098A1E4B8A9C00F194EC /* College.swift */,
				2652097F1E4B87D100F194EC /* Assets.xcassets */,
				265209811E4B87D100F194EC /* LaunchScreen.storyboard */,
				265209841E4B87D100F194EC /* Info.plist */,
			);
			path = "College Profile Builder";
			sourceTree = "<group>";
		};
/* End PBXGroup section */

/* Begin PBXNativeTarget section */
		265209721E4B87D100F194EC /* College Profile Builder */ = {
			isa = PBXNativeTarget;
			buildConfigurationList = 265209871E4B87D100F194EC /* Build configuration list for PBXNativeTarget "College Profile Builder" */;
			buildPhases = (
				2652096F1E4B87D100F194EC /* Sources */,
				265209701E4B87D100F194EC /* Frameworks */,
				265209711E4B87D100F194EC /* Resources */,
			);
			buildRules = (
			);
			dependencies = (
			);
			name = "College Profile Builder";
			productName = "College Profile Builder";
			productReference = 265209731E4B87D100F194EC /* College Profile Builder.app */;
			productType = "com.apple.product-type.application";
		};
/* End PBXNativeTarget section */

/* Begin PBXProject section */
		2652096B1E4B87D100F194EC /* Project object */ = {
			isa = PBXProject;
			attributes = {
				LastSwiftUpdateCheck = 0820;
				LastUpgradeCheck = 0820;
				ORGANIZATIONNAME = "Dilip Rao";
				TargetAttributes = {
					265209721E4B87D100F194EC = {
						CreatedOnToolsVersion = 8.2;
						ProvisioningStyle = Automatic;
					};
				};
			};
			buildConfigurationList = 2652096E1E4B87D100F194EC /* Build configuration list for PBXProject "College Profile Builder" */;
			compatibilityVersion = "Xcode 3.2";
			developmentRegion = English;
			hasScannedForEncodings = 0;
			knownRegions = (
				en,
				Base,
			);
			mainGroup = 2652096A1E4B87D100F194EC;
			productRefGroup = 265209741E4B87D100F194EC /* Products */;
			projectDirPath = "";
			projectRoot = "";
			targets = (
				265209721E4B87D100F194EC /* College Profile Builder */,
			);
		};
/* End PBXProject section */

/* Begin PBXResourcesBuildPhase section */
		265209711E4B87D100F194EC /* Resources */ = {
			isa = PBXResourcesBuildPhase;
			buildActionMask = 2147483647;
			files = (
				265209831E4B87D100F194EC /* LaunchScreen.storyboard in Resources */,
				265209801E4B87D100F194EC /* Assets.xcassets in Resources */,
				2652097E1E4B87D100F194EC /* Main.storyboard in Resources */,
			);
			runOnlyForDeploymentPostprocessing = 0;
		};
/* End PBXResourcesBuildPhase section */

/* Begin PBXSourcesBuildPhase section */
		2652096F1E4B87D100F194EC /* Sources */ = {
			isa = PBXSourcesBuildPhase;
			buildActionMask = 2147483647;
			files = (
				2652097B1E4B87D100F194EC /* DetailViewController.swift in Sources */,
				265209791E4B87D100F194EC /* MasterViewController.swift in Sources */,
				265209771E4B87D100F194EC /* AppDelegate.swift in Sources */,
				2652098B1E4B8A9C00F194EC /* College.swift in Sources */,
			);
			runOnlyForDeploymentPostprocessing = 0;
		};
/* End PBXSourcesBuildPhase section */

/* Begin PBXVariantGroup section */
		2652097C1E4B87D100F194EC /* Main.storyboard */ = {
			isa = PBXVariantGroup;
			children = (
				2652097D1E4B87D100F194EC /* Base */,
			);
			name = Main.storyboard;
			sourceTree = "<group>";
		};
		265209811E4B87D100F194EC /* LaunchScreen.storyboard */ = {
			isa = PBXVariantGroup;
			children = (
				265209821E4B87D100F194EC /* Base */,
			);
			name = LaunchScreen.storyboard;
			sourceTree = "<group>";
		};
/* End PBXVariantGroup section */

/* Begin XCBuildConfiguration section */
		265209851E4B87D100F194EC /* Debug */ = {
			isa = XCBuildConfiguration;
			buildSettings = {
				ALWAYS_SEARCH_USER_PATHS = NO;
				CLANG_ANALYZER_NONNULL = YES;
				CLANG_CXX_LANGUAGE_STANDARD = "gnu++0x";
				CLANG_CXX_LIBRARY = "libc++";
				CLANG_ENABLE_MODULES = YES;
				CLANG_ENABLE_OBJC_ARC = YES;
				CLANG_WARN_BOOL_CONVERSION = YES;
				CLANG_WARN_CONSTANT_CONVERSION = YES;
				CLANG_WARN_DIRECT_OBJC_ISA_USAGE = YES_ERROR;
				CLANG_WARN_DOCUMENTATION_COMMENTS = YES;
				CLANG_WARN_EMPTY_BODY = YES;
				CLANG_WARN_ENUM_CONVERSION = YES;
				CLANG_WARN_INFINITE_RECURSION = YES;
				CLANG_WARN_INT_CONVERSION = YES;
				CLANG_WARN_OBJC_ROOT_CLASS = YES_ERROR;
				CLANG_WARN_SUSPICIOUS_MOVE = YES;
				CLANG_WARN_UNREACHABLE_CODE = YES;
				CLANG_WARN__DUPLICATE_METHOD_MATCH = YES;
				"CODE_SIGN_IDENTITY[sdk=iphoneos*]" = "iPhone Developer";
				COPY_PHASE_STRIP = NO;
				DEBUG_INFORMATION_FORMAT = dwarf;
				ENABLE_STRICT_OBJC_MSGSEND = YES;
				ENABLE_TESTABILITY = YES;
				GCC_C_LANGUAGE_STANDARD = gnu99;
				GCC_DYNAMIC_NO_PIC = NO;
				GCC_NO_COMMON_BLOCKS = YES;
				GCC_OPTIMIZATION_LEVEL = 0;
				GCC_PREPROCESSOR_DEFINITIONS = (
					"DEBUG=1",
					"$(inherited)",
				);
				GCC_WARN_64_TO_32_BIT_CONVERSION = YES;
				GCC_WARN_ABOUT_RETURN_TYPE = YES_ERROR;
				GCC_WARN_UNDECLARED_SELECTOR = YES;
				GCC_WARN_UNINITIALIZED_AUTOS = YES_AGGRESSIVE;
				GCC_WARN_UNUSED_FUNCTION = YES;
				GCC_WARN_UNUSED_VARIABLE = YES;
				IPHONEOS_DEPLOYMENT_TARGET = 10.2;
				MTL_ENABLE_DEBUG_INFO = YES;
				ONLY_ACTIVE_ARCH = YES;
				SDKROOT = iphoneos;
				SWIFT_ACTIVE_COMPILATION_CONDITIONS = DEBUG;
				SWIFT_OPTIMIZATION_LEVEL = "-Onone";
			};
			name = Debug;
		};
		265209861E4B87D100F194EC /* Release */ = {
			isa = XCBuildConfiguration;
			buildSettings = {
				ALWAYS_SEARCH_USER_PATHS = NO;
				CLANG_ANALYZER_NONNULL = YES;
				CLANG_CXX_LANGUAGE_STANDARD = "gnu++0x";
				CLANG_CXX_LIBRARY = "libc++";
				CLANG_ENABLE_MODULES = YES;
				CLANG_ENABLE_OBJC_ARC = YES;
				CLANG_WARN_BOOL_CONVERSION = YES;
				CLANG_WARN_CONSTANT_CONVERSION = YES;
				CLANG_WARN_DIRECT_OBJC_ISA_USAGE = YES_ERROR;
				CLANG_WARN_DOCUMENTATION_COMMENTS = YES;
				CLANG_WARN_EMPTY_BODY = YES;
				CLANG_WARN_ENUM_CONVERSION = YES;
				CLANG_WARN_INFINITE_RECURSION = YES;
				CLANG_WARN_INT_CONVERSION = YES;
				CLANG_WARN_OBJC_ROOT_CLASS = YES_ERROR;
				CLANG_WARN_SUSPICIOUS_MOVE = YES;
				CLANG_WARN_UNREACHABLE_CODE = YES;
				CLANG_WARN__DUPLICATE_METHOD_MATCH = YES;
				"CODE_SIGN_IDENTITY[sdk=iphoneos*]" = "iPhone Developer";
				COPY_PHASE_STRIP = NO;
				DEBUG_INFORMATION_FORMAT = "dwarf-with-dsym";
				ENABLE_NS_ASSERTIONS = NO;
				ENABLE_STRICT_OBJC_MSGSEND = YES;
				GCC_C_LANGUAGE_STANDARD = gnu99;
				GCC_NO_COMMON_BLOCKS = YES;
				GCC_WARN_64_TO_32_BIT_CONVERSION = YES;
				GCC_WARN_ABOUT_RETURN_TYPE = YES_ERROR;
				GCC_WARN_UNDECLARED_SELECTOR = YES;
				GCC_WARN_UNINITIALIZED_AUTOS = YES_AGGRESSIVE;
				GCC_WARN_UNUSED_FUNCTION = YES;
				GCC_WARN_UNUSED_VARIABLE = YES;
				IPHONEOS_DEPLOYMENT_TARGET = 10.2;
				MTL_ENABLE_DEBUG_INFO = NO;
				SDKROOT = iphoneos;
				SWIFT_OPTIMIZATION_LEVEL = "-Owholemodule";
				VALIDATE_PRODUCT = YES;
			};
			name = Release;
		};
		265209881E4B87D100F194EC /* Debug */ = {
			isa = XCBuildConfiguration;
			buildSettings = {
				ASSETCATALOG_COMPILER_APPICON_NAME = AppIcon;
				INFOPLIST_FILE = "College Profile Builder/Info.plist";
				LD_RUNPATH_SEARCH_PATHS = "$(inherited) @executable_path/Frameworks";
				PRODUCT_BUNDLE_IDENTIFIER = "MobileApps.College-Profile-Builder";
				PRODUCT_NAME = "$(TARGET_NAME)";
				SWIFT_VERSION = 3.0;
			};
			name = Debug;
		};
		265209891E4B87D100F194EC /* Release */ = {
			isa = XCBuildConfiguration;
			buildSettings = {
				ASSETCATALOG_COMPILER_APPICON_NAME = AppIcon;
				INFOPLIST_FILE = "College Profile Builder/Info.plist";
				LD_RUNPATH_SEARCH_PATHS = "$(inherited) @executable_path/Frameworks";
				PRODUCT_BUNDLE_IDENTIFIER = "MobileApps.College-Profile-Builder";
				PRODUCT_NAME = "$(TARGET_NAME)";
				SWIFT_VERSION = 3.0;
			};
			name = Release;
		};
/* End XCBuildConfiguration section */

/* Begin XCConfigurationList section */
		2652096E1E4B87D100F194EC /* Build configuration list for PBXProject "College Profile Builder" */ = {
			isa = XCConfigurationList;
			buildConfigurations = (
				265209851E4B87D100F194EC /* Debug */,
				265209861E4B87D100F194EC /* Release */,
			);
			defaultConfigurationIsVisible = 0;
			defaultConfigurationName = Release;
		};
		265209871E4B87D100F194EC /* Build configuration list for PBXNativeTarget "College Profile Builder" */ = {
			isa = XCConfigurationList;
			buildConfigurations = (
				265209881E4B87D100F194EC /* Debug */,
				265209891E4B87D100F194EC /* Release */,
			);
			defaultConfigurationIsVisible = 0;
		};
/* End XCConfigurationList section */
	};
	rootObject = 2652096B1E4B87D100F194EC /* Project object */;
}
